// !$*UTF8*$!
{
	archiveVersion = 1;
	classes = {
	};
	objectVersion = 46;
	objects = {

/* Begin PBXBuildFile section */
		19A36A301EECDD080039E3D2 /* AppDelegate.swift in Sources */ = {isa = PBXBuildFile; fileRef = 19A36A2F1EECDD080039E3D2 /* AppDelegate.swift */; };
		19A36A321EECDD080039E3D2 /* ViewController.swift in Sources */ = {isa = PBXBuildFile; fileRef = 19A36A311EECDD080039E3D2 /* ViewController.swift */; };
		19A36A351EECDD080039E3D2 /* Main.storyboard in Resources */ = {isa = PBXBuildFile; fileRef = 19A36A331EECDD080039E3D2 /* Main.storyboard */; };
		19A36A371EECDD080039E3D2 /* Assets.xcassets in Resources */ = {isa = PBXBuildFile; fileRef = 19A36A361EECDD080039E3D2 /* Assets.xcassets */; };
		19A36A3A1EECDD080039E3D2 /* LaunchScreen.storyboard in Resources */ = {isa = PBXBuildFile; fileRef = 19A36A381EECDD080039E3D2 /* LaunchScreen.storyboard */; };
		19A36A451EECDD080039E3D2 /* TestAppTests.swift in Sources */ = {isa = PBXBuildFile; fileRef = 19A36A441EECDD080039E3D2 /* TestAppTests.swift */; };
		19A36A501EECDD080039E3D2 /* TestAppUITests.swift in Sources */ = {isa = PBXBuildFile; fileRef = 19A36A4F1EECDD080039E3D2 /* TestAppUITests.swift */; };
/* End PBXBuildFile section */

/* Begin PBXContainerItemProxy section */
		19A36A411EECDD080039E3D2 /* PBXContainerItemProxy */ = {
			isa = PBXContainerItemProxy;
			containerPortal = 19A36A241EECDD080039E3D2 /* Project object */;
			proxyType = 1;
			remoteGlobalIDString = 19A36A2B1EECDD080039E3D2;
			remoteInfo = TestApp;
		};
		19A36A4C1EECDD080039E3D2 /* PBXContainerItemProxy */ = {
			isa = PBXContainerItemProxy;
			containerPortal = 19A36A241EECDD080039E3D2 /* Project object */;
			proxyType = 1;
			remoteGlobalIDString = 19A36A2B1EECDD080039E3D2;
			remoteInfo = TestApp;
		};
/* End PBXContainerItemProxy section */

/* Begin PBXFileReference section */
		19A36A2C1EECDD080039E3D2 /* TestApp.app */ = {isa = PBXFileReference; explicitFileType = wrapper.application; includeInIndex = 0; path = TestApp.app; sourceTree = BUILT_PRODUCTS_DIR; };
		19A36A2F1EECDD080039E3D2 /* AppDelegate.swift */ = {isa = PBXFileReference; lastKnownFileType = sourcecode.swift; path = AppDelegate.swift; sourceTree = "<group>"; };
		19A36A311EECDD080039E3D2 /* ViewController.swift */ = {isa = PBXFileReference; lastKnownFileType = sourcecode.swift; path = ViewController.swift; sourceTree = "<group>"; };
		19A36A341EECDD080039E3D2 /* Base */ = {isa = PBXFileReference; lastKnownFileType = file.storyboard; name = Base; path = Base.lproj/Main.storyboard; sourceTree = "<group>"; };
		19A36A361EECDD080039E3D2 /* Assets.xcassets */ = {isa = PBXFileReference; lastKnownFileType = folder.assetcatalog; path = Assets.xcassets; sourceTree = "<group>"; };
		19A36A391EECDD080039E3D2 /* Base */ = {isa = PBXFileReference; lastKnownFileType = file.storyboard; name = Base; path = Base.lproj/LaunchScreen.storyboard; sourceTree = "<group>"; };
		19A36A3B1EECDD080039E3D2 /* Info.plist */ = {isa = PBXFileReference; lastKnownFileType = text.plist.xml; path = Info.plist; sourceTree = "<group>"; };
		19A36A401EECDD080039E3D2 /* TestAppTests.xctest */ = {isa = PBXFileReference; explicitFileType = wrapper.cfbundle; includeInIndex = 0; path = TestAppTests.xctest; sourceTree = BUILT_PRODUCTS_DIR; };
		19A36A441EECDD080039E3D2 /* TestAppTests.swift */ = {isa = PBXFileReference; lastKnownFileType = sourcecode.swift; path = TestAppTests.swift; sourceTree = "<group>"; };
		19A36A461EECDD080039E3D2 /* Info.plist */ = {isa = PBXFileReference; lastKnownFileType = text.plist.xml; path = Info.plist; sourceTree = "<group>"; };
		19A36A4B1EECDD080039E3D2 /* TestAppUITests.xctest */ = {isa = PBXFileReference; explicitFileType = wrapper.cfbundle; includeInIndex = 0; path = TestAppUITests.xctest; sourceTree = BUILT_PRODUCTS_DIR; };
		19A36A4F1EECDD080039E3D2 /* TestAppUITests.swift */ = {isa = PBXFileReference; lastKnownFileType = sourcecode.swift; path = TestAppUITests.swift; sourceTree = "<group>"; };
		19A36A511EECDD080039E3D2 /* Info.plist */ = {isa = PBXFileReference; lastKnownFileType = text.plist.xml; path = Info.plist; sourceTree = "<group>"; };
/* End PBXFileReference section */

/* Begin PBXFrameworksBuildPhase section */
		19A36A291EECDD080039E3D2 /* Frameworks */ = {
			isa = PBXFrameworksBuildPhase;
			buildActionMask = 2147483647;
			files = (
			);
			runOnlyForDeploymentPostprocessing = 0;
		};
		19A36A3D1EECDD080039E3D2 /* Frameworks */ = {
			isa = PBXFrameworksBuildPhase;
			buildActionMask = 2147483647;
			files = (
			);
			runOnlyForDeploymentPostprocessing = 0;
		};
		19A36A481EECDD080039E3D2 /* Frameworks */ = {
			isa = PBXFrameworksBuildPhase;
			buildActionMask = 2147483647;
			files = (
			);
			runOnlyForDeploymentPostprocessing = 0;
		};
/* End PBXFrameworksBuildPhase section */

/* Begin PBXGroup section */
		19A36A231EECDD080039E3D2 = {
			isa = PBXGroup;
			children = (
				19A36A2E1EECDD080039E3D2 /* TestApp */,
				19A36A431EECDD080039E3D2 /* TestAppTests */,
				19A36A4E1EECDD080039E3D2 /* TestAppUITests */,
				19A36A2D1EECDD080039E3D2 /* Products */,
			);
			sourceTree = "<group>";
		};
		19A36A2D1EECDD080039E3D2 /* Products */ = {
			isa = PBXGroup;
			children = (
				19A36A2C1EECDD080039E3D2 /* TestApp.app */,
				19A36A401EECDD080039E3D2 /* TestAppTests.xctest */,
				19A36A4B1EECDD080039E3D2 /* TestAppUITests.xctest */,
			);
			name = Products;
			sourceTree = "<group>";
		};
		19A36A2E1EECDD080039E3D2 /* TestApp */ = {
			isa = PBXGroup;
			children = (
				19A36A2F1EECDD080039E3D2 /* AppDelegate.swift */,
				19A36A311EECDD080039E3D2 /* ViewController.swift */,
				19A36A331EECDD080039E3D2 /* Main.storyboard */,
				19A36A361EECDD080039E3D2 /* Assets.xcassets */,
				19A36A381EECDD080039E3D2 /* LaunchScreen.storyboard */,
				19A36A3B1EECDD080039E3D2 /* Info.plist */,
			);
			path = TestApp;
			sourceTree = "<group>";
		};
		19A36A431EECDD080039E3D2 /* TestAppTests */ = {
			isa = PBXGroup;
			children = (
				19A36A441EECDD080039E3D2 /* TestAppTests.swift */,
				19A36A461EECDD080039E3D2 /* Info.plist */,
			);
			path = TestAppTests;
			sourceTree = "<group>";
		};
		19A36A4E1EECDD080039E3D2 /* TestAppUITests */ = {
			isa = PBXGroup;
			children = (
				19A36A4F1EECDD080039E3D2 /* TestAppUITests.swift */,
				19A36A511EECDD080039E3D2 /* Info.plist */,
			);
			path = TestAppUITests;
			sourceTree = "<group>";
		};
/* End PBXGroup section */

/* Begin PBXNativeTarget section */
		19A36A2B1EECDD080039E3D2 /* TestApp */ = {
			isa = PBXNativeTarget;
			buildConfigurationList = 19A36A541EECDD080039E3D2 /* Build configuration list for PBXNativeTarget "TestApp" */;
			buildPhases = (
				19A36A281EECDD080039E3D2 /* Sources */,
				19A36A291EECDD080039E3D2 /* Frameworks */,
				19A36A2A1EECDD080039E3D2 /* Resources */,
			);
			buildRules = (
			);
			dependencies = (
			);
			name = TestApp;
			productName = TestApp;
			productReference = 19A36A2C1EECDD080039E3D2 /* TestApp.app */;
			productType = "com.apple.product-type.application";
		};
		19A36A3F1EECDD080039E3D2 /* TestAppTests */ = {
			isa = PBXNativeTarget;
			buildConfigurationList = 19A36A571EECDD080039E3D2 /* Build configuration list for PBXNativeTarget "TestAppTests" */;
			buildPhases = (
				19A36A3C1EECDD080039E3D2 /* Sources */,
				19A36A3D1EECDD080039E3D2 /* Frameworks */,
				19A36A3E1EECDD080039E3D2 /* Resources */,
			);
			buildRules = (
			);
			dependencies = (
				19A36A421EECDD080039E3D2 /* PBXTargetDependency */,
			);
			name = TestAppTests;
			productName = TestAppTests;
			productReference = 19A36A401EECDD080039E3D2 /* TestAppTests.xctest */;
			productType = "com.apple.product-type.bundle.unit-test";
		};
		19A36A4A1EECDD080039E3D2 /* TestAppUITests */ = {
			isa = PBXNativeTarget;
			buildConfigurationList = 19A36A5A1EECDD080039E3D2 /* Build configuration list for PBXNativeTarget "TestAppUITests" */;
			buildPhases = (
				19A36A471EECDD080039E3D2 /* Sources */,
				19A36A481EECDD080039E3D2 /* Frameworks */,
				19A36A491EECDD080039E3D2 /* Resources */,
			);
			buildRules = (
			);
			dependencies = (
				19A36A4D1EECDD080039E3D2 /* PBXTargetDependency */,
			);
			name = TestAppUITests;
			productName = TestAppUITests;
			productReference = 19A36A4B1EECDD080039E3D2 /* TestAppUITests.xctest */;
			productType = "com.apple.product-type.bundle.ui-testing";
		};
/* End PBXNativeTarget section */

/* Begin PBXProject section */
		19A36A241EECDD080039E3D2 /* Project object */ = {
			isa = PBXProject;
			attributes = {
				LastSwiftUpdateCheck = 0830;
				LastUpgradeCheck = 0830;
				ORGANIZATIONNAME = "柳澤宙輝";
				TargetAttributes = {
					19A36A2B1EECDD080039E3D2 = {
						CreatedOnToolsVersion = 8.3.2;
						ProvisioningStyle = Automatic;
					};
					19A36A3F1EECDD080039E3D2 = {
						CreatedOnToolsVersion = 8.3.2;
						ProvisioningStyle = Automatic;
						TestTargetID = 19A36A2B1EECDD080039E3D2;
					};
					19A36A4A1EECDD080039E3D2 = {
						CreatedOnToolsVersion = 8.3.2;
						ProvisioningStyle = Automatic;
						TestTargetID = 19A36A2B1EECDD080039E3D2;
					};
				};
			};
			buildConfigurationList = 19A36A271EECDD080039E3D2 /* Build configuration list for PBXProject "TestApp" */;
			compatibilityVersion = "Xcode 3.2";
			developmentRegion = English;
			hasScannedForEncodings = 0;
			knownRegions = (
				en,
				Base,
			);
			mainGroup = 19A36A231EECDD080039E3D2;
			productRefGroup = 19A36A2D1EECDD080039E3D2 /* Products */;
			projectDirPath = "";
			projectRoot = "";
			targets = (
				19A36A2B1EECDD080039E3D2 /* TestApp */,
				19A36A3F1EECDD080039E3D2 /* TestAppTests */,
				19A36A4A1EECDD080039E3D2 /* TestAppUITests */,
			);
		};
/* End PBXProject section */

/* Begin PBXResourcesBuildPhase section */
		19A36A2A1EECDD080039E3D2 /* Resources */ = {
			isa = PBXResourcesBuildPhase;
			buildActionMask = 2147483647;
			files = (
				19A36A3A1EECDD080039E3D2 /* LaunchScreen.storyboard in Resources */,
				19A36A371EECDD080039E3D2 /* Assets.xcassets in Resources */,
				19A36A351EECDD080039E3D2 /* Main.storyboard in Resources */,
			);
			runOnlyForDeploymentPostprocessing = 0;
		};
		19A36A3E1EECDD080039E3D2 /* Resources */ = {
			isa = PBXResourcesBuildPhase;
			buildActionMask = 2147483647;
			files = (
			);
			runOnlyForDeploymentPostprocessing = 0;
		};
		19A36A491EECDD080039E3D2 /* Resources */ = {
			isa = PBXResourcesBuildPhase;
			buildActionMask = 2147483647;
			files = (
			);
			runOnlyForDeploymentPostprocessing = 0;
		};
/* End PBXResourcesBuildPhase section */

/* Begin PBXSourcesBuildPhase section */
		19A36A281EECDD080039E3D2 /* Sources */ = {
			isa = PBXSourcesBuildPhase;
			buildActionMask = 2147483647;
			files = (
				19A36A321EECDD080039E3D2 /* ViewController.swift in Sources */,
				19A36A301EECDD080039E3D2 /* AppDelegate.swift in Sources */,
			);
			runOnlyForDeploymentPostprocessing = 0;
		};
		19A36A3C1EECDD080039E3D2 /* Sources */ = {
			isa = PBXSourcesBuildPhase;
			buildActionMask = 2147483647;
			files = (
				19A36A451EECDD080039E3D2 /* TestAppTests.swift in Sources */,
			);
			runOnlyForDeploymentPostprocessing = 0;
		};
		19A36A471EECDD080039E3D2 /* Sources */ = {
			isa = PBXSourcesBuildPhase;
			buildActionMask = 2147483647;
			files = (
				19A36A501EECDD080039E3D2 /* TestAppUITests.swift in Sources */,
			);
			runOnlyForDeploymentPostprocessing = 0;
		};
/* End PBXSourcesBuildPhase section */

/* Begin PBXTargetDependency section */
		19A36A421EECDD080039E3D2 /* PBXTargetDependency */ = {
			isa = PBXTargetDependency;
			target = 19A36A2B1EECDD080039E3D2 /* TestApp */;
			targetProxy = 19A36A411EECDD080039E3D2 /* PBXContainerItemProxy */;
		};
		19A36A4D1EECDD080039E3D2 /* PBXTargetDependency */ = {
			isa = PBXTargetDependency;
			target = 19A36A2B1EECDD080039E3D2 /* TestApp */;
			targetProxy = 19A36A4C1EECDD080039E3D2 /* PBXContainerItemProxy */;
		};
/* End PBXTargetDependency section */

/* Begin PBXVariantGroup section */
		19A36A331EECDD080039E3D2 /* Main.storyboard */ = {
			isa = PBXVariantGroup;
			children = (
				19A36A341EECDD080039E3D2 /* Base */,
			);
			name = Main.storyboard;
			sourceTree = "<group>";
		};
		19A36A381EECDD080039E3D2 /* LaunchScreen.storyboard */ = {
			isa = PBXVariantGroup;
			children = (
				19A36A391EECDD080039E3D2 /* Base */,
			);
			name = LaunchScreen.storyboard;
			sourceTree = "<group>";
		};
/* End PBXVariantGroup section */

/* Begin XCBuildConfiguration section */
		19A36A521EECDD080039E3D2 /* Debug */ = {
			isa = XCBuildConfiguration;
			buildSettings = {
				ALWAYS_SEARCH_USER_PATHS = NO;
				CLANG_ANALYZER_NONNULL = YES;
				CLANG_ANALYZER_NUMBER_OBJECT_CONVERSION = YES_AGGRESSIVE;
				CLANG_CXX_LANGUAGE_STANDARD = "gnu++0x";
				CLANG_CXX_LIBRARY = "libc++";
				CLANG_ENABLE_MODULES = YES;
				CLANG_ENABLE_OBJC_ARC = YES;
				CLANG_WARN_BOOL_CONVERSION = YES;
				CLANG_WARN_CONSTANT_CONVERSION = YES;
				CLANG_WARN_DIRECT_OBJC_ISA_USAGE = YES_ERROR;
				CLANG_WARN_DOCUMENTATION_COMMENTS = YES;
				CLANG_WARN_EMPTY_BODY = YES;
				CLANG_WARN_ENUM_CONVERSION = YES;
				CLANG_WARN_INFINITE_RECURSION = YES;
				CLANG_WARN_INT_CONVERSION = YES;
				CLANG_WARN_OBJC_ROOT_CLASS = YES_ERROR;
				CLANG_WARN_SUSPICIOUS_MOVE = YES;
				CLANG_WARN_UNREACHABLE_CODE = YES;
				CLANG_WARN__DUPLICATE_METHOD_MATCH = YES;
				"CODE_SIGN_IDENTITY[sdk=iphoneos*]" = "iPhone Developer";
				COPY_PHASE_STRIP = NO;
				DEBUG_INFORMATION_FORMAT = dwarf;
				ENABLE_STRICT_OBJC_MSGSEND = YES;
				ENABLE_TESTABILITY = YES;
				GCC_C_LANGUAGE_STANDARD = gnu99;
				GCC_DYNAMIC_NO_PIC = NO;
				GCC_NO_COMMON_BLOCKS = YES;
				GCC_OPTIMIZATION_LEVEL = 0;
				GCC_PREPROCESSOR_DEFINITIONS = (
					"DEBUG=1",
					"$(inherited)",
				);
				GCC_WARN_64_TO_32_BIT_CONVERSION = YES;
				GCC_WARN_ABOUT_RETURN_TYPE = YES_ERROR;
				GCC_WARN_UNDECLARED_SELECTOR = YES;
				GCC_WARN_UNINITIALIZED_AUTOS = YES_AGGRESSIVE;
				GCC_WARN_UNUSED_FUNCTION = YES;
				GCC_WARN_UNUSED_VARIABLE = YES;
				IPHONEOS_DEPLOYMENT_TARGET = 10.3;
				MTL_ENABLE_DEBUG_INFO = YES;
				ONLY_ACTIVE_ARCH = YES;
				SDKROOT = iphoneos;
				SWIFT_ACTIVE_COMPILATION_CONDITIONS = DEBUG;
				SWIFT_OPTIMIZATION_LEVEL = "-Onone";
			};
			name = Debug;
		};
		19A36A531EECDD080039E3D2 /* Release */ = {
			isa = XCBuildConfiguration;
			buildSettings = {
				ALWAYS_SEARCH_USER_PATHS = NO;
				CLANG_ANALYZER_NONNULL = YES;
				CLANG_ANALYZER_NUMBER_OBJECT_CONVERSION = YES_AGGRESSIVE;
				CLANG_CXX_LANGUAGE_STANDARD = "gnu++0x";
				CLANG_CXX_LIBRARY = "libc++";
				CLANG_ENABLE_MODULES = YES;
				CLANG_ENABLE_OBJC_ARC = YES;
				CLANG_WARN_BOOL_CONVERSION = YES;
				CLANG_WARN_CONSTANT_CONVERSION = YES;
				CLANG_WARN_DIRECT_OBJC_ISA_USAGE = YES_ERROR;
				CLANG_WARN_DOCUMENTATION_COMMENTS = YES;
				CLANG_WARN_EMPTY_BODY = YES;
				CLANG_WARN_ENUM_CONVERSION = YES;
				CLANG_WARN_INFINITE_RECURSION = YES;
				CLANG_WARN_INT_CONVERSION = YES;
				CLANG_WARN_OBJC_ROOT_CLASS = YES_ERROR;
				CLANG_WARN_SUSPICIOUS_MOVE = YES;
				CLANG_WARN_UNREACHABLE_CODE = YES;
				CLANG_WARN__DUPLICATE_METHOD_MATCH = YES;
				"CODE_SIGN_IDENTITY[sdk=iphoneos*]" = "iPhone Developer";
				COPY_PHASE_STRIP = NO;
				DEBUG_INFORMATION_FORMAT = "dwarf-with-dsym";
				ENABLE_NS_ASSERTIONS = NO;
				ENABLE_STRICT_OBJC_MSGSEND = YES;
				GCC_C_LANGUAGE_STANDARD = gnu99;
				GCC_NO_COMMON_BLOCKS = YES;
				GCC_WARN_64_TO_32_BIT_CONVERSION = YES;
				GCC_WARN_ABOUT_RETURN_TYPE = YES_ERROR;
				GCC_WARN_UNDECLARED_SELECTOR = YES;
				GCC_WARN_UNINITIALIZED_AUTOS = YES_AGGRESSIVE;
				GCC_WARN_UNUSED_FUNCTION = YES;
				GCC_WARN_UNUSED_VARIABLE = YES;
				IPHONEOS_DEPLOYMENT_TARGET = 10.3;
				MTL_ENABLE_DEBUG_INFO = NO;
				SDKROOT = iphoneos;
				SWIFT_OPTIMIZATION_LEVEL = "-Owholemodule";
				VALIDATE_PRODUCT = YES;
			};
			name = Release;
		};
		19A36A551EECDD080039E3D2 /* Debug */ = {
			isa = XCBuildConfiguration;
			buildSettings = {
				ASSETCATALOG_COMPILER_APPICON_NAME = AppIcon;
				INFOPLIST_FILE = TestApp/Info.plist;
				LD_RUNPATH_SEARCH_PATHS = "$(inherited) @executable_path/Frameworks";
				PRODUCT_BUNDLE_IDENTIFIER = com.litech.TestApp;
				PRODUCT_NAME = "$(TARGET_NAME)";
				SWIFT_VERSION = 3.0;
			};
			name = Debug;
		};
		19A36A561EECDD080039E3D2 /* Release */ = {
			isa = XCBuildConfiguration;
			buildSettings = {
				ASSETCATALOG_COMPILER_APPICON_NAME = AppIcon;
				INFOPLIST_FILE = TestApp/Info.plist;
				LD_RUNPATH_SEARCH_PATHS = "$(inherited) @executable_path/Frameworks";
				PRODUCT_BUNDLE_IDENTIFIER = com.litech.TestApp;
				PRODUCT_NAME = "$(TARGET_NAME)";
				SWIFT_VERSION = 3.0;
			};
			name = Release;
		};
		19A36A581EECDD080039E3D2 /* Debug */ = {
			isa = XCBuildConfiguration;
			buildSettings = {
				ALWAYS_EMBED_SWIFT_STANDARD_LIBRARIES = YES;
				BUNDLE_LOADER = "$(TEST_HOST)";
				INFOPLIST_FILE = TestAppTests/Info.plist;
				LD_RUNPATH_SEARCH_PATHS = "$(inherited) @executable_path/Frameworks @loader_path/Frameworks";
				PRODUCT_BUNDLE_IDENTIFIER = com.litech.TestAppTests;
				PRODUCT_NAME = "$(TARGET_NAME)";
				SWIFT_VERSION = 3.0;
				TEST_HOST = "$(BUILT_PRODUCTS_DIR)/TestApp.app/TestApp";
			};
			name = Debug;
		};
		19A36A591EECDD080039E3D2 /* Release */ = {
			isa = XCBuildConfiguration;
			buildSettings = {
				ALWAYS_EMBED_SWIFT_STANDARD_LIBRARIES = YES;
				BUNDLE_LOADER = "$(TEST_HOST)";
				INFOPLIST_FILE = TestAppTests/Info.plist;
				LD_RUNPATH_SEARCH_PATHS = "$(inherited) @executable_path/Frameworks @loader_path/Frameworks";
				PRODUCT_BUNDLE_IDENTIFIER = com.litech.TestAppTests;
				PRODUCT_NAME = "$(TARGET_NAME)";
				SWIFT_VERSION = 3.0;
				TEST_HOST = "$(BUILT_PRODUCTS_DIR)/TestApp.app/TestApp";
			};
			name = Release;
		};
		19A36A5B1EECDD080039E3D2 /* Debug */ = {
			isa = XCBuildConfiguration;
			buildSettings = {
				ALWAYS_EMBED_SWIFT_STANDARD_LIBRARIES = YES;
				INFOPLIST_FILE = TestAppUITests/Info.plist;
				LD_RUNPATH_SEARCH_PATHS = "$(inherited) @executable_path/Frameworks @loader_path/Frameworks";
				PRODUCT_BUNDLE_IDENTIFIER = com.litech.TestAppUITests;
				PRODUCT_NAME = "$(TARGET_NAME)";
				SWIFT_VERSION = 3.0;
				TEST_TARGET_NAME = TestApp;
			};
			name = Debug;
		};
		19A36A5C1EECDD080039E3D2 /* Release */ = {
			isa = XCBuildConfiguration;
			buildSettings = {
				ALWAYS_EMBED_SWIFT_STANDARD_LIBRARIES = YES;
				INFOPLIST_FILE = TestAppUITests/Info.plist;
				LD_RUNPATH_SEARCH_PATHS = "$(inherited) @executable_path/Frameworks @loader_path/Frameworks";
				PRODUCT_BUNDLE_IDENTIFIER = com.litech.TestAppUITests;
				PRODUCT_NAME = "$(TARGET_NAME)";
				SWIFT_VERSION = 3.0;
				TEST_TARGET_NAME = TestApp;
			};
			name = Release;
		};
/* End XCBuildConfiguration section */

/* Begin XCConfigurationList section */
		19A36A271EECDD080039E3D2 /* Build configuration list for PBXProject "TestApp" */ = {
			isa = XCConfigurationList;
			buildConfigurations = (
				19A36A521EECDD080039E3D2 /* Debug */,
				19A36A531EECDD080039E3D2 /* Release */,
			);
			defaultConfigurationIsVisible = 0;
			defaultConfigurationName = Release;
		};
		19A36A541EECDD080039E3D2 /* Build configuration list for PBXNativeTarget "TestApp" */ = {
			isa = XCConfigurationList;
			buildConfigurations = (
				19A36A551EECDD080039E3D2 /* Debug */,
				19A36A561EECDD080039E3D2 /* Release */,
			);
			defaultConfigurationIsVisible = 0;
		};
		19A36A571EECDD080039E3D2 /* Build configuration list for PBXNativeTarget "TestAppTests" */ = {
			isa = XCConfigurationList;
			buildConfigurations = (
				19A36A581EECDD080039E3D2 /* Debug */,
				19A36A591EECDD080039E3D2 /* Release */,
			);
			defaultConfigurationIsVisible = 0;
		};
		19A36A5A1EECDD080039E3D2 /* Build configuration list for PBXNativeTarget "TestAppUITests" */ = {
			isa = XCConfigurationList;
			buildConfigurations = (
				19A36A5B1EECDD080039E3D2 /* Debug */,
				19A36A5C1EECDD080039E3D2 /* Release */,
			);
			defaultConfigurationIsVisible = 0;
		};
/* End XCConfigurationList section */
	};
	rootObject = 19A36A241EECDD080039E3D2 /* Project object */;
}
